// !$*UTF8*$!
{
	archiveVersion = 1;
	classes = {
	};
	objectVersion = 56;
	objects = {

/* Begin PBXBuildFile section */
		191F1E852F84EAA600A4397F /* crx_stage_4.mp4 in Resources */ = {isa = PBXBuildFile; fileRef = 191F1E802F84EAA600A4397F /* crx_stage_4.mp4 */; };
		191F1E862F84EAA600A4397F /* crx_stage_3.mp4 in Resources */ = {isa = PBXBuildFile; fileRef = 191F1E7F2F84EAA600A4397F /* crx_stage_3.mp4 */; };
		191F1E872F84EAA600A4397F /* crx_stage_6.mp4 in Resources */ = {isa = PBXBuildFile; fileRef = 191F1E822F84EAA600A4397F /* crx_stage_6.mp4 */; };
		191F1E882F84EAA600A4397F /* crx_stage_7.mp4 in Resources */ = {isa = PBXBuildFile; fileRef = 191F1E832F84EAA600A4397F /* crx_stage_7.mp4 */; };
		191F1E892F84EAA600A4397F /* crx_stage_2.mp4 in Resources */ = {isa = PBXBuildFile; fileRef = 191F1E7E2F84EAA600A4397F /* crx_stage_2.mp4 */; };
		191F1E8A2F84EAA600A4397F /* crx_stage_1.mp4 in Resources */ = {isa = PBXBuildFile; fileRef = 191F1E7D2F84EAA600A4397F /* crx_stage_1.mp4 */; };
		191F1E8B2F84EAA600A4397F /* crx_stage_8.mp4 in Resources */ = {isa = PBXBuildFile; fileRef = 191F1E842F84EAA600A4397F /* crx_stage_8.mp4 */; };
		191F1E8C2F84EAA600A4397F /* crx_stage_5.mp4 in Resources */ = {isa = PBXBuildFile; fileRef = 191F1E812F84EAA600A4397F /* crx_stage_5.mp4 */; };
		199F6F472F97618800AA113A /* CAREXQImage.zip in Resources */ = {isa = PBXBuildFile; fileRef = 199F6F462F97618800AA113A /* CAREXQImage.zip */; };
		199F6F4A2F97629900AA113A /* CAREXQImage.m in Sources */ = {isa = PBXBuildFile; fileRef = 199F6F492F97629900AA113A /* CAREXQImage.m */; };
		2A1B00012F80000100001428 /* CAREXQSettingController.m in Sources */ = {isa = PBXBuildFile; fileRef = 2A1B00032F80000100001428 /* CAREXQSettingController.m */; };
		2A1B00042F80000100001428 /* CAREXQAboutController.m in Sources */ = {isa = PBXBuildFile; fileRef = 2A1B00062F80000100001428 /* CAREXQAboutController.m */; };
		2A1B00072F80000100001428 /* CAREXQStagePlayerController.m in Sources */ = {isa = PBXBuildFile; fileRef = 2A1B00082F80000100001428 /* CAREXQStagePlayerController.m */; };
		2A1B000A2F91000100001428 /* CAREXQFlowResultController.m in Sources */ = {isa = PBXBuildFile; fileRef = 2A1B000C2F91000100001428 /* CAREXQFlowResultController.m */; };
		C24F46BAD8F8B18ED6C100B8 /* Pods_Carmie.framework in Frameworks */ = {isa = PBXBuildFile; fileRef = E956110249686661F2FCA741 /* Pods_Carmie.framework */; };
		F51BA1D62F68F23A0003BD85 /* CAREXQStageView.m in Sources */ = {isa = PBXBuildFile; fileRef = F51BA1D52F68F23A0003BD85 /* CAREXQStageView.m */; };
		F51BA1D92F68F2440003BD85 /* CAREXQStageCell.m in Sources */ = {isa = PBXBuildFile; fileRef = F51BA1D82F68F2440003BD85 /* CAREXQStageCell.m */; };
		F5EBCB172F67F4F800AD1A42 /* AppDelegate.m in Sources */ = {isa = PBXBuildFile; fileRef = F5EBCB162F67F4F800AD1A42 /* AppDelegate.m */; };
		F5EBCB1A2F67F4F800AD1A42 /* SceneDelegate.m in Sources */ = {isa = PBXBuildFile; fileRef = F5EBCB192F67F4F800AD1A42 /* SceneDelegate.m */; };
		F5EBCB222F67F4FC00AD1A42 /* Assets.xcassets in Resources */ = {isa = PBXBuildFile; fileRef = F5EBCB212F67F4FC00AD1A42 /* Assets.xcassets */; };
		F5EBCB252F67F4FC00AD1A42 /* Base in Resources */ = {isa = PBXBuildFile; fileRef = F5EBCB242F67F4FC00AD1A42 /* Base */; };
		F5EBCB282F67F4FC00AD1A42 /* main.m in Sources */ = {isa = PBXBuildFile; fileRef = F5EBCB272F67F4FC00AD1A42 /* main.m */; };
		F5EBCB332F67F57B00AD1A42 /* CAREXQAppCoordinator.m in Sources */ = {isa = PBXBuildFile; fileRef = F5EBCB322F67F57B00AD1A42 /* CAREXQAppCoordinator.m */; };
		F5EBCB362F67F58300AD1A42 /* CAREXQRouteManager.m in Sources */ = {isa = PBXBuildFile; fileRef = F5EBCB352F67F58300AD1A42 /* CAREXQRouteManager.m */; };
		F5EBCB392F67F59400AD1A42 /* CAREXQTabBarController.m in Sources */ = {isa = PBXBuildFile; fileRef = F5EBCB382F67F59400AD1A42 /* CAREXQTabBarController.m */; };
		F5EBCB3C2F67F5A600AD1A42 /* CAREXQTabBar.m in Sources */ = {isa = PBXBuildFile; fileRef = F5EBCB3B2F67F5A600AD1A42 /* CAREXQTabBar.m */; };
		F5EBCB3F2F67F5BB00AD1A42 /* CAREXQController.m in Sources */ = {isa = PBXBuildFile; fileRef = F5EBCB3E2F67F5BB00AD1A42 /* CAREXQController.m */; };
		F5EBCB422F67F5D200AD1A42 /* CMRPrivacyController.m in Sources */ = {isa = PBXBuildFile; fileRef = F5EBCB412F67F5D200AD1A42 /* CMRPrivacyController.m */; };
		F5EBCB452F67F5DD00AD1A42 /* CMRAgreementController.m in Sources */ = {isa = PBXBuildFile; fileRef = F5EBCB442F67F5DD00AD1A42 /* CMRAgreementController.m */; };
		F5EBCB502F67F69800AD1A42 /* CAREXQStageController.m in Sources */ = {isa = PBXBuildFile; fileRef = F5EBCB4F2F67F69800AD1A42 /* CAREXQStageController.m */; };
		F5EBCB532F67F6B200AD1A42 /* CAREXQFlowController.m in Sources */ = {isa = PBXBuildFile; fileRef = F5EBCB522F67F6B200AD1A42 /* CAREXQFlowController.m */; };
		F5EBCB562F67F6D800AD1A42 /* CAREXQStudioController.m in Sources */ = {isa = PBXBuildFile; fileRef = F5EBCB552F67F6D800AD1A42 /* CAREXQStudioController.m */; };
		F5EBCB592F67F6E500AD1A42 /* CAREXQBlueprintController.m in Sources */ = {isa = PBXBuildFile; fileRef = F5EBCB582F67F6E500AD1A42 /* CAREXQBlueprintController.m */; };
		F5EBCB5C2F67F70800AD1A42 /* CAREXQLoopBoardController.m in Sources */ = {isa = PBXBuildFile; fileRef = F5EBCB5B2F67F70800AD1A42 /* CAREXQLoopBoardController.m */; };
		F5EBCB5F2F67F71400AD1A42 /* CAREXQLoopDetailController.m in Sources */ = {isa = PBXBuildFile; fileRef = F5EBCB5E2F67F71400AD1A42 /* CAREXQLoopDetailController.m */; };
		F5EBCB622F67F72A00AD1A42 /* CAREXQForgeController.m in Sources */ = {isa = PBXBuildFile; fileRef = F5EBCB612F67F72A00AD1A42 /* CAREXQForgeController.m */; };
		F5EBCB652F67F73D00AD1A42 /* CAREXQSignalBoardController.m in Sources */ = {isa = PBXBuildFile; fileRef = F5EBCB642F67F73D00AD1A42 /* CAREXQSignalBoardController.m */; };
		F5EBCB682F67F74800AD1A42 /* CAREXQChannelController.m in Sources */ = {isa = PBXBuildFile; fileRef = F5EBCB672F67F74800AD1A42 /* CAREXQChannelController.m */; };
		F5EBCB6B2F67F75600AD1A42 /* CAREXQPersonaController.m in Sources */ = {isa = PBXBuildFile; fileRef = F5EBCB6A2F67F75600AD1A42 /* CAREXQPersonaController.m */; };
		F5EBCB6E2F67F77100AD1A42 /* CAREXQHarborController.m in Sources */ = {isa = PBXBuildFile; fileRef = F5EBCB6D2F67F77100AD1A42 /* CAREXQHarborController.m */; };
		F5EBCB712F67F77E00AD1A42 /* CAREXQControlController.m in Sources */ = {isa = PBXBuildFile; fileRef = F5EBCB702F67F77E00AD1A42 /* CAREXQControlController.m */; };
		F5EBCB742F67F78800AD1A42 /* CAREXQIdentityEditorController.m in Sources */ = {isa = PBXBuildFile; fileRef = F5EBCB732F67F78800AD1A42 /* CAREXQIdentityEditorController.m */; };
		F5EBCB772F67F79800AD1A42 /* CAREXQAccessCenterController.m in Sources */ = {isa = PBXBuildFile; fileRef = F5EBCB762F67F79800AD1A42 /* CAREXQAccessCenterController.m */; };
		F5EBCB7E2F67F7C500AD1A42 /* CAREXQEntryController.m in Sources */ = {isa = PBXBuildFile; fileRef = F5EBCB7D2F67F7C500AD1A42 /* CAREXQEntryController.m */; };
		F5EBCB812F67F83500AD1A42 /* CAREXQNavController.m in Sources */ = {isa = PBXBuildFile; fileRef = F5EBCB802F67F83500AD1A42 /* CAREXQNavController.m */; };
		F6A100012F90000100A0B001 /* CAREXQLoopUserCell.m in Sources */ = {isa = PBXBuildFile; fileRef = F6A100022F90000100A0B001 /* CAREXQLoopUserCell.m */; };
		F6A100032F90000100A0B001 /* CAREXQLoopHeaderView.m in Sources */ = {isa = PBXBuildFile; fileRef = F6A100042F90000100A0B001 /* CAREXQLoopHeaderView.m */; };
		F6A100052F90000100A0B001 /* CAREXQLoopMomentCell.m in Sources */ = {isa = PBXBuildFile; fileRef = F6A100062F90000100A0B001 /* CAREXQLoopMomentCell.m */; };
		F6A200012F90000200A0B001 /* CAREXQSignalUserCell.m in Sources */ = {isa = PBXBuildFile; fileRef = F6A200022F90000200A0B001 /* CAREXQSignalUserCell.m */; };
		F6A200032F90000200A0B001 /* CAREXQSignalHeaderView.m in Sources */ = {isa = PBXBuildFile; fileRef = F6A200042F90000200A0B001 /* CAREXQSignalHeaderView.m */; };
		F6A200052F90000200A0B001 /* CAREXQSignalMessageCell.m in Sources */ = {isa = PBXBuildFile; fileRef = F6A200062F90000200A0B001 /* CAREXQSignalMessageCell.m */; };
		F7A100012FA0000100A0B001 /* CAREXQVideoCallController.m in Sources */ = {isa = PBXBuildFile; fileRef = F7A100022FA0000100A0B001 /* CAREXQVideoCallController.m */; };
/* End PBXBuildFile section */

/* Begin PBXFileReference section */
		139126CF8BCEBDC72CAD9EFF /* Pods-Carmie.release.xcconfig */ = {isa = PBXFileReference; includeInIndex = 1; lastKnownFileType = text.xcconfig; name = "Pods-Carmie.release.xcconfig"; path = "Target Support Files/Pods-Carmie/Pods-Carmie.release.xcconfig"; sourceTree = "<group>"; };
		191F1E7D2F84EAA600A4397F /* crx_stage_1.mp4 */ = {isa = PBXFileReference; lastKnownFileType = file; path = crx_stage_1.mp4; sourceTree = "<group>"; };
		191F1E7E2F84EAA600A4397F /* crx_stage_2.mp4 */ = {isa = PBXFileReference; lastKnownFileType = file; path = crx_stage_2.mp4; sourceTree = "<group>"; };
		191F1E7F2F84EAA600A4397F /* crx_stage_3.mp4 */ = {isa = PBXFileReference; lastKnownFileType = file; path = crx_stage_3.mp4; sourceTree = "<group>"; };
		191F1E802F84EAA600A4397F /* crx_stage_4.mp4 */ = {isa = PBXFileReference; lastKnownFileType = file; path = crx_stage_4.mp4; sourceTree = "<group>"; };
		191F1E812F84EAA600A4397F /* crx_stage_5.mp4 */ = {isa = PBXFileReference; lastKnownFileType = file; path = crx_stage_5.mp4; sourceTree = "<group>"; };
		191F1E822F84EAA600A4397F /* crx_stage_6.mp4 */ = {isa = PBXFileReference; lastKnownFileType = file; path = crx_stage_6.mp4; sourceTree = "<group>"; };
		191F1E832F84EAA600A4397F /* crx_stage_7.mp4 */ = {isa = PBXFileReference; lastKnownFileType = file; path = crx_stage_7.mp4; sourceTree = "<group>"; };
		191F1E842F84EAA600A4397F /* crx_stage_8.mp4 */ = {isa = PBXFileReference; lastKnownFileType = file; path = crx_stage_8.mp4; sourceTree = "<group>"; };
		199F6F462F97618800AA113A /* CAREXQImage.zip */ = {isa = PBXFileReference; lastKnownFileType = archive.zip; path = CAREXQImage.zip; sourceTree = "<group>"; };
		199F6F482F97629900AA113A /* CAREXQImage.h */ = {isa = PBXFileReference; lastKnownFileType = sourcecode.c.h; path = CAREXQImage.h; sourceTree = "<group>"; };
		199F6F492F97629900AA113A /* CAREXQImage.m */ = {isa = PBXFileReference; lastKnownFileType = sourcecode.c.objc; path = CAREXQImage.m; sourceTree = "<group>"; };
		2A1B00022F80000100001428 /* CAREXQSettingController.h */ = {isa = PBXFileReference; lastKnownFileType = sourcecode.c.h; path = CAREXQSettingController.h; sourceTree = "<group>"; };
		2A1B00032F80000100001428 /* CAREXQSettingController.m */ = {isa = PBXFileReference; lastKnownFileType = sourcecode.c.objc; path = CAREXQSettingController.m; sourceTree = "<group>"; };
		2A1B00052F80000100001428 /* CAREXQAboutController.h */ = {isa = PBXFileReference; lastKnownFileType = sourcecode.c.h; path = CAREXQAboutController.h; sourceTree = "<group>"; };
		2A1B00062F80000100001428 /* CAREXQAboutController.m */ = {isa = PBXFileReference; lastKnownFileType = sourcecode.c.objc; path = CAREXQAboutController.m; sourceTree = "<group>"; };
		2A1B00082F80000100001428 /* CAREXQStagePlayerController.m */ = {isa = PBXFileReference; lastKnownFileType = sourcecode.c.objc; path = CAREXQStagePlayerController.m; sourceTree = "<group>"; };
		2A1B00092F80000100001428 /* CAREXQStagePlayerController.h */ = {isa = PBXFileReference; lastKnownFileType = sourcecode.c.h; path = CAREXQStagePlayerController.h; sourceTree = "<group>"; };
		2A1B000B2F91000100001428 /* CAREXQFlowResultController.h */ = {isa = PBXFileReference; lastKnownFileType = sourcecode.c.h; path = CAREXQFlowResultController.h; sourceTree = "<group>"; };
		2A1B000C2F91000100001428 /* CAREXQFlowResultController.m */ = {isa = PBXFileReference; lastKnownFileType = sourcecode.c.objc; path = CAREXQFlowResultController.m; sourceTree = "<group>"; };
		3928198A0808DE21757F7B98 /* Pods-Carmie.debug.xcconfig */ = {isa = PBXFileReference; includeInIndex = 1; lastKnownFileType = text.xcconfig; name = "Pods-Carmie.debug.xcconfig"; path = "Target Support Files/Pods-Carmie/Pods-Carmie.debug.xcconfig"; sourceTree = "<group>"; };
		E956110249686661F2FCA741 /* Pods_Carmie.framework */ = {isa = PBXFileReference; explicitFileType = wrapper.framework; includeInIndex = 0; path = Pods_Carmie.framework; sourceTree = BUILT_PRODUCTS_DIR; };
		F51BA1D42F68F23A0003BD85 /* CAREXQStageView.h */ = {isa = PBXFileReference; lastKnownFileType = sourcecode.c.h; path = CAREXQStageView.h; sourceTree = "<group>"; };
		F51BA1D52F68F23A0003BD85 /* CAREXQStageView.m */ = {isa = PBXFileReference; lastKnownFileType = sourcecode.c.objc; path = CAREXQStageView.m; sourceTree = "<group>"; };
		F51BA1D72F68F2440003BD85 /* CAREXQStageCell.h */ = {isa = PBXFileReference; lastKnownFileType = sourcecode.c.h; path = CAREXQStageCell.h; sourceTree = "<group>"; };
		F51BA1D82F68F2440003BD85 /* CAREXQStageCell.m */ = {isa = PBXFileReference; lastKnownFileType = sourcecode.c.objc; path = CAREXQStageCell.m; sourceTree = "<group>"; };
		F5EBCB122F67F4F800AD1A42 /* Carmie.app */ = {isa = PBXFileReference; explicitFileType = wrapper.application; includeInIndex = 0; path = Carmie.app; sourceTree = BUILT_PRODUCTS_DIR; };
		F5EBCB152F67F4F800AD1A42 /* AppDelegate.h */ = {isa = PBXFileReference; lastKnownFileType = sourcecode.c.h; path = AppDelegate.h; sourceTree = "<group>"; };
		F5EBCB162F67F4F800AD1A42 /* AppDelegate.m */ = {isa = PBXFileReference; lastKnownFileType = sourcecode.c.objc; path = AppDelegate.m; sourceTree = "<group>"; };
		F5EBCB182F67F4F800AD1A42 /* SceneDelegate.h */ = {isa = PBXFileReference; lastKnownFileType = sourcecode.c.h; path = SceneDelegate.h; sourceTree = "<group>"; };
		F5EBCB192F67F4F800AD1A42 /* SceneDelegate.m */ = {isa = PBXFileReference; lastKnownFileType = sourcecode.c.objc; path = SceneDelegate.m; sourceTree = "<group>"; };
		F5EBCB212F67F4FC00AD1A42 /* Assets.xcassets */ = {isa = PBXFileReference; lastKnownFileType = folder.assetcatalog; path = Assets.xcassets; sourceTree = "<group>"; };
		F5EBCB242F67F4FC00AD1A42 /* Base */ = {isa = PBXFileReference; lastKnownFileType = file.storyboard; name = Base; path = Base.lproj/LaunchScreen.storyboard; sourceTree = "<group>"; };
		F5EBCB262F67F4FC00AD1A42 /* Info.plist */ = {isa = PBXFileReference; lastKnownFileType = text.plist.xml; path = Info.plist; sourceTree = "<group>"; };
		F5EBCB272F67F4FC00AD1A42 /* main.m */ = {isa = PBXFileReference; lastKnownFileType = sourcecode.c.objc; path = main.m; sourceTree = "<group>"; };
		F5EBCB312F67F57B00AD1A42 /* CAREXQAppCoordinator.h */ = {isa = PBXFileReference; lastKnownFileType = sourcecode.c.h; path = CAREXQAppCoordinator.h; sourceTree = "<group>"; };
		F5EBCB322F67F57B00AD1A42 /* CAREXQAppCoordinator.m */ = {isa = PBXFileReference; lastKnownFileType = sourcecode.c.objc; path = CAREXQAppCoordinator.m; sourceTree = "<group>"; };
		F5EBCB342F67F58300AD1A42 /* CAREXQRouteManager.h */ = {isa = PBXFileReference; lastKnownFileType = sourcecode.c.h; path = CAREXQRouteManager.h; sourceTree = "<group>"; };
		F5EBCB352F67F58300AD1A42 /* CAREXQRouteManager.m */ = {isa = PBXFileReference; lastKnownFileType = sourcecode.c.objc; path = CAREXQRouteManager.m; sourceTree = "<group>"; };
		F5EBCB372F67F59400AD1A42 /* CAREXQTabBarController.h */ = {isa = PBXFileReference; lastKnownFileType = sourcecode.c.h; path = CAREXQTabBarController.h; sourceTree = "<group>"; };
		F5EBCB382F67F59400AD1A42 /* CAREXQTabBarController.m */ = {isa = PBXFileReference; lastKnownFileType = sourcecode.c.objc; path = CAREXQTabBarController.m; sourceTree = "<group>"; };
		F5EBCB3A2F67F5A600AD1A42 /* CAREXQTabBar.h */ = {isa = PBXFileReference; lastKnownFileType = sourcecode.c.h; path = CAREXQTabBar.h; sourceTree = "<group>"; };
		F5EBCB3B2F67F5A600AD1A42 /* CAREXQTabBar.m */ = {isa = PBXFileReference; lastKnownFileType = sourcecode.c.objc; path = CAREXQTabBar.m; sourceTree = "<group>"; };
		F5EBCB3D2F67F5BB00AD1A42 /* CAREXQController.h */ = {isa = PBXFileReference; lastKnownFileType = sourcecode.c.h; path = CAREXQController.h; sourceTree = "<group>"; };
		F5EBCB3E2F67F5BB00AD1A42 /* CAREXQController.m */ = {isa = PBXFileReference; lastKnownFileType = sourcecode.c.objc; path = CAREXQController.m; sourceTree = "<group>"; };
		F5EBCB402F67F5D200AD1A42 /* CMRPrivacyController.h */ = {isa = PBXFileReference; lastKnownFileType = sourcecode.c.h; path = CMRPrivacyController.h; sourceTree = "<group>"; };
		F5EBCB412F67F5D200AD1A42 /* CMRPrivacyController.m */ = {isa = PBXFileReference; lastKnownFileType = sourcecode.c.objc; path = CMRPrivacyController.m; sourceTree = "<group>"; };
		F5EBCB432F67F5DD00AD1A42 /* CMRAgreementController.h */ = {isa = PBXFileReference; lastKnownFileType = sourcecode.c.h; path = CMRAgreementController.h; sourceTree = "<group>"; };
		F5EBCB442F67F5DD00AD1A42 /* CMRAgreementController.m */ = {isa = PBXFileReference; lastKnownFileType = sourcecode.c.objc; path = CMRAgreementController.m; sourceTree = "<group>"; };
		F5EBCB4E2F67F69800AD1A42 /* CAREXQStageController.h */ = {isa = PBXFileReference; lastKnownFileType = sourcecode.c.h; path = CAREXQStageController.h; sourceTree = "<group>"; };
		F5EBCB4F2F67F69800AD1A42 /* CAREXQStageController.m */ = {isa = PBXFileReference; lastKnownFileType = sourcecode.c.objc; path = CAREXQStageController.m; sourceTree = "<group>"; };
		F5EBCB512F67F6B200AD1A42 /* CAREXQFlowController.h */ = {isa = PBXFileReference; lastKnownFileType = sourcecode.c.h; path = CAREXQFlowController.h; sourceTree = "<group>"; };
		F5EBCB522F67F6B200AD1A42 /* CAREXQFlowController.m */ = {isa = PBXFileReference; lastKnownFileType = sourcecode.c.objc; path = CAREXQFlowController.m; sourceTree = "<group>"; };
		F5EBCB542F67F6D800AD1A42 /* CAREXQStudioController.h */ = {isa = PBXFileReference; lastKnownFileType = sourcecode.c.h; path = CAREXQStudioController.h; sourceTree = "<group>"; };
		F5EBCB552F67F6D800AD1A42 /* CAREXQStudioController.m */ = {isa = PBXFileReference; lastKnownFileType = sourcecode.c.objc; path = CAREXQStudioController.m; sourceTree = "<group>"; };
		F5EBCB572F67F6E500AD1A42 /* CAREXQBlueprintController.h */ = {isa = PBXFileReference; lastKnownFileType = sourcecode.c.h; path = CAREXQBlueprintController.h; sourceTree = "<group>"; };
		F5EBCB582F67F6E500AD1A42 /* CAREXQBlueprintController.m */ = {isa = PBXFileReference; lastKnownFileType = sourcecode.c.objc; path = CAREXQBlueprintController.m; sourceTree = "<group>"; };
		F5EBCB5A2F67F70800AD1A42 /* CAREXQLoopBoardController.h */ = {isa = PBXFileReference; lastKnownFileType = sourcecode.c.h; path = CAREXQLoopBoardController.h; sourceTree = "<group>"; };
		F5EBCB5B2F67F70800AD1A42 /* CAREXQLoopBoardController.m */ = {isa = PBXFileReference; lastKnownFileType = sourcecode.c.objc; path = CAREXQLoopBoardController.m; sourceTree = "<group>"; };
		F5EBCB5D2F67F71400AD1A42 /* CAREXQLoopDetailController.h */ = {isa = PBXFileReference; lastKnownFileType = sourcecode.c.h; path = CAREXQLoopDetailController.h; sourceTree = "<group>"; };
		F5EBCB5E2F67F71400AD1A42 /* CAREXQLoopDetailController.m */ = {isa = PBXFileReference; lastKnownFileType = sourcecode.c.objc; path = CAREXQLoopDetailController.m; sourceTree = "<group>"; };
		F5EBCB602F67F72A00AD1A42 /* CAREXQForgeController.h */ = {isa = PBXFileReference; lastKnownFileType = sourcecode.c.h; path = CAREXQForgeController.h; sourceTree = "<group>"; };
		F5EBCB612F67F72A00AD1A42 /* CAREXQForgeController.m */ = {isa = PBXFileReference; lastKnownFileType = sourcecode.c.objc; path = CAREXQForgeController.m; sourceTree = "<group>"; };
		F5EBCB632F67F73D00AD1A42 /* CAREXQSignalBoardController.h */ = {isa = PBXFileReference; lastKnownFileType = sourcecode.c.h; path = CAREXQSignalBoardController.h; sourceTree = "<group>"; };
		F5EBCB642F67F73D00AD1A42 /* CAREXQSignalBoardController.m */ = {isa = PBXFileReference; lastKnownFileType = sourcecode.c.objc; path = CAREXQSignalBoardController.m; sourceTree = "<group>"; };
		F5EBCB662F67F74800AD1A42 /* CAREXQChannelController.h */ = {isa = PBXFileReference; lastKnownFileType = sourcecode.c.h; path = CAREXQChannelController.h; sourceTree = "<group>"; };
		F5EBCB672F67F74800AD1A42 /* CAREXQChannelController.m */ = {isa = PBXFileReference; lastKnownFileType = sourcecode.c.objc; path = CAREXQChannelController.m; sourceTree = "<group>"; };
		F5EBCB692F67F75600AD1A42 /* CAREXQPersonaController.h */ = {isa = PBXFileReference; lastKnownFileType = sourcecode.c.h; path = CAREXQPersonaController.h; sourceTree = "<group>"; };
		F5EBCB6A2F67F75600AD1A42 /* CAREXQPersonaController.m */ = {isa = PBXFileReference; lastKnownFileType = sourcecode.c.objc; path = CAREXQPersonaController.m; sourceTree = "<group>"; };
		F5EBCB6C2F67F77100AD1A42 /* CAREXQHarborController.h */ = {isa = PBXFileReference; lastKnownFileType = sourcecode.c.h; path = CAREXQHarborController.h; sourceTree = "<group>"; };
		F5EBCB6D2F67F77100AD1A42 /* CAREXQHarborController.m */ = {isa = PBXFileReference; lastKnownFileType = sourcecode.c.objc; path = CAREXQHarborController.m; sourceTree = "<group>"; };
		F5EBCB6F2F67F77E00AD1A42 /* CAREXQControlController.h */ = {isa = PBXFileReference; lastKnownFileType = sourcecode.c.h; path = CAREXQControlController.h; sourceTree = "<group>"; };
		F5EBCB702F67F77E00AD1A42 /* CAREXQControlController.m */ = {isa = PBXFileReference; lastKnownFileType = sourcecode.c.objc; path = CAREXQControlController.m; sourceTree = "<group>"; };
		F5EBCB722F67F78800AD1A42 /* CAREXQIdentityEditorController.h */ = {isa = PBXFileReference; lastKnownFileType = sourcecode.c.h; path = CAREXQIdentityEditorController.h; sourceTree = "<group>"; };
		F5EBCB732F67F78800AD1A42 /* CAREXQIdentityEditorController.m */ = {isa = PBXFileReference; lastKnownFileType = sourcecode.c.objc; path = CAREXQIdentityEditorController.m; sourceTree = "<group>"; };
		F5EBCB752F67F79800AD1A42 /* CAREXQAccessCenterController.h */ = {isa = PBXFileReference; lastKnownFileType = sourcecode.c.h; path = CAREXQAccessCenterController.h; sourceTree = "<group>"; };
		F5EBCB762F67F79800AD1A42 /* CAREXQAccessCenterController.m */ = {isa = PBXFileReference; lastKnownFileType = sourcecode.c.objc; path = CAREXQAccessCenterController.m; sourceTree = "<group>"; };
		F5EBCB7C2F67F7C500AD1A42 /* CAREXQEntryController.h */ = {isa = PBXFileReference; lastKnownFileType = sourcecode.c.h; path = CAREXQEntryController.h; sourceTree = "<group>"; };
		F5EBCB7D2F67F7C500AD1A42 /* CAREXQEntryController.m */ = {isa = PBXFileReference; lastKnownFileType = sourcecode.c.objc; path = CAREXQEntryController.m; sourceTree = "<group>"; };
		F5EBCB7F2F67F83500AD1A42 /* CAREXQNavController.h */ = {isa = PBXFileReference; lastKnownFileType = sourcecode.c.h; path = CAREXQNavController.h; sourceTree = "<group>"; };
		F5EBCB802F67F83500AD1A42 /* CAREXQNavController.m */ = {isa = PBXFileReference; lastKnownFileType = sourcecode.c.objc; path = CAREXQNavController.m; sourceTree = "<group>"; };
		F6A100022F90000100A0B001 /* CAREXQLoopUserCell.m */ = {isa = PBXFileReference; lastKnownFileType = sourcecode.c.objc; path = CAREXQLoopUserCell.m; sourceTree = "<group>"; };
		F6A100042F90000100A0B001 /* CAREXQLoopHeaderView.m */ = {isa = PBXFileReference; lastKnownFileType = sourcecode.c.objc; path = CAREXQLoopHeaderView.m; sourceTree = "<group>"; };
		F6A100062F90000100A0B001 /* CAREXQLoopMomentCell.m */ = {isa = PBXFileReference; lastKnownFileType = sourcecode.c.objc; path = CAREXQLoopMomentCell.m; sourceTree = "<group>"; };
		F6A100072F90000100A0B001 /* CAREXQLoopUserCell.h */ = {isa = PBXFileReference; lastKnownFileType = sourcecode.c.h; path = CAREXQLoopUserCell.h; sourceTree = "<group>"; };
		F6A100082F90000100A0B001 /* CAREXQLoopHeaderView.h */ = {isa = PBXFileReference; lastKnownFileType = sourcecode.c.h; path = CAREXQLoopHeaderView.h; sourceTree = "<group>"; };
		F6A100092F90000100A0B001 /* CAREXQLoopMomentCell.h */ = {isa = PBXFileReference; lastKnownFileType = sourcecode.c.h; path = CAREXQLoopMomentCell.h; sourceTree = "<group>"; };
		F6A200022F90000200A0B001 /* CAREXQSignalUserCell.m */ = {isa = PBXFileReference; lastKnownFileType = sourcecode.c.objc; path = CAREXQSignalUserCell.m; sourceTree = "<group>"; };
		F6A200042F90000200A0B001 /* CAREXQSignalHeaderView.m */ = {isa = PBXFileReference; lastKnownFileType = sourcecode.c.objc; path = CAREXQSignalHeaderView.m; sourceTree = "<group>"; };
		F6A200062F90000200A0B001 /* CAREXQSignalMessageCell.m */ = {isa = PBXFileReference; lastKnownFileType = sourcecode.c.objc; path = CAREXQSignalMessageCell.m; sourceTree = "<group>"; };
		F6A200072F90000200A0B001 /* CAREXQSignalUserCell.h */ = {isa = PBXFileReference; lastKnownFileType = sourcecode.c.h; path = CAREXQSignalUserCell.h; sourceTree = "<group>"; };
		F6A200082F90000200A0B001 /* CAREXQSignalHeaderView.h */ = {isa = PBXFileReference; lastKnownFileType = sourcecode.c.h; path = CAREXQSignalHeaderView.h; sourceTree = "<group>"; };
		F6A200092F90000200A0B001 /* CAREXQSignalMessageCell.h */ = {isa = PBXFileReference; lastKnownFileType = sourcecode.c.h; path = CAREXQSignalMessageCell.h; sourceTree = "<group>"; };
		F7A100022FA0000100A0B001 /* CAREXQVideoCallController.m */ = {isa = PBXFileReference; lastKnownFileType = sourcecode.c.objc; path = CAREXQVideoCallController.m; sourceTree = "<group>"; };
		F7A100032FA0000100A0B001 /* CAREXQVideoCallController.h */ = {isa = PBXFileReference; lastKnownFileType = sourcecode.c.h; path = CAREXQVideoCallController.h; sourceTree = "<group>"; };
/* End PBXFileReference section */

/* Begin PBXFrameworksBuildPhase section */
		F5EBCB0F2F67F4F800AD1A42 /* Frameworks */ = {
			isa = PBXFrameworksBuildPhase;
			buildActionMask = 2147483647;
			files = (
				C24F46BAD8F8B18ED6C100B8 /* Pods_Carmie.framework in Frameworks */,
			);
			runOnlyForDeploymentPostprocessing = 0;
		};
/* End PBXFrameworksBuildPhase section */

/* Begin PBXGroup section */
		0EB2E193BC45828179803215 /* Frameworks */ = {
			isa = PBXGroup;
			children = (
				E956110249686661F2FCA741 /* Pods_Carmie.framework */,
			);
			name = Frameworks;
			sourceTree = "<group>";
		};
		10607B64E09074B4B897BF67 /* Pods */ = {
			isa = PBXGroup;
			children = (
				3928198A0808DE21757F7B98 /* Pods-Carmie.debug.xcconfig */,
				139126CF8BCEBDC72CAD9EFF /* Pods-Carmie.release.xcconfig */,
			);
			path = Pods;
			sourceTree = "<group>";
		};
		191F1E7C2F84EA8C00A4397F /* CAREXQRes */ = {
			isa = PBXGroup;
			children = (
				191F1E7D2F84EAA600A4397F /* crx_stage_1.mp4 */,
				191F1E7E2F84EAA600A4397F /* crx_stage_2.mp4 */,
				191F1E7F2F84EAA600A4397F /* crx_stage_3.mp4 */,
				191F1E802F84EAA600A4397F /* crx_stage_4.mp4 */,
				191F1E812F84EAA600A4397F /* crx_stage_5.mp4 */,
				191F1E822F84EAA600A4397F /* crx_stage_6.mp4 */,
				191F1E832F84EAA600A4397F /* crx_stage_7.mp4 */,
				191F1E842F84EAA600A4397F /* crx_stage_8.mp4 */,
			);
			path = CAREXQRes;
			sourceTree = "<group>";
		};
		F5EBCB092F67F4F800AD1A42 = {
			isa = PBXGroup;
			children = (
				F5EBCB142F67F4F800AD1A42 /* Carmie */,
				F5EBCB132F67F4F800AD1A42 /* Products */,
				10607B64E09074B4B897BF67 /* Pods */,
				0EB2E193BC45828179803215 /* Frameworks */,
			);
			sourceTree = "<group>";
		};
		F5EBCB132F67F4F800AD1A42 /* Products */ = {
			isa = PBXGroup;
			children = (
				F5EBCB122F67F4F800AD1A42 /* Carmie.app */,
			);
			name = Products;
			sourceTree = "<group>";
		};
		F5EBCB142F67F4F800AD1A42 /* Carmie */ = {
			isa = PBXGroup;
			children = (
				191F1E7C2F84EA8C00A4397F /* CAREXQRes */,
				F5EBCB822F67FBAC00AD1A42 /* CAREXQmage */,
				F5EBCB312F67F57B00AD1A42 /* CAREXQAppCoordinator.h */,
				F5EBCB322F67F57B00AD1A42 /* CAREXQAppCoordinator.m */,
				F5EBCB342F67F58300AD1A42 /* CAREXQRouteManager.h */,
				F5EBCB352F67F58300AD1A42 /* CAREXQRouteManager.m */,
				F5EBCB7F2F67F83500AD1A42 /* CAREXQNavController.h */,
				F5EBCB802F67F83500AD1A42 /* CAREXQNavController.m */,
				F5EBCB372F67F59400AD1A42 /* CAREXQTabBarController.h */,
				F5EBCB382F67F59400AD1A42 /* CAREXQTabBarController.m */,
				F5EBCB3A2F67F5A600AD1A42 /* CAREXQTabBar.h */,
				F5EBCB3B2F67F5A600AD1A42 /* CAREXQTabBar.m */,
				F5EBCB3D2F67F5BB00AD1A42 /* CAREXQController.h */,
				F5EBCB3E2F67F5BB00AD1A42 /* CAREXQController.m */,
				199F6F482F97629900AA113A /* CAREXQImage.h */,
				199F6F492F97629900AA113A /* CAREXQImage.m */,
				F5EBCB4E2F67F69800AD1A42 /* CAREXQStageController.h */,
				F5EBCB4F2F67F69800AD1A42 /* CAREXQStageController.m */,
				F5EBCB512F67F6B200AD1A42 /* CAREXQFlowController.h */,
				F5EBCB522F67F6B200AD1A42 /* CAREXQFlowController.m */,
				2A1B000B2F91000100001428 /* CAREXQFlowResultController.h */,
				2A1B000C2F91000100001428 /* CAREXQFlowResultController.m */,
				F5EBCB542F67F6D800AD1A42 /* CAREXQStudioController.h */,
				F5EBCB552F67F6D800AD1A42 /* CAREXQStudioController.m */,
				F5EBCB572F67F6E500AD1A42 /* CAREXQBlueprintController.h */,
				F5EBCB582F67F6E500AD1A42 /* CAREXQBlueprintController.m */,
				2A1B00092F80000100001428 /* CAREXQStagePlayerController.h */,
				2A1B00082F80000100001428 /* CAREXQStagePlayerController.m */,
				F51BA1D42F68F23A0003BD85 /* CAREXQStageView.h */,
				F51BA1D52F68F23A0003BD85 /* CAREXQStageView.m */,
				F51BA1D72F68F2440003BD85 /* CAREXQStageCell.h */,
				F51BA1D82F68F2440003BD85 /* CAREXQStageCell.m */,
				F5EBCB5A2F67F70800AD1A42 /* CAREXQLoopBoardController.h */,
				F5EBCB5B2F67F70800AD1A42 /* CAREXQLoopBoardController.m */,
				F5EBCB5D2F67F71400AD1A42 /* CAREXQLoopDetailController.h */,
				F5EBCB5E2F67F71400AD1A42 /* CAREXQLoopDetailController.m */,
				F6A100082F90000100A0B001 /* CAREXQLoopHeaderView.h */,
				F6A100042F90000100A0B001 /* CAREXQLoopHeaderView.m */,
				F6A100092F90000100A0B001 /* CAREXQLoopMomentCell.h */,
				F6A100062F90000100A0B001 /* CAREXQLoopMomentCell.m */,
				F6A100072F90000100A0B001 /* CAREXQLoopUserCell.h */,
				F6A100022F90000100A0B001 /* CAREXQLoopUserCell.m */,
				F5EBCB602F67F72A00AD1A42 /* CAREXQForgeController.h */,
				F5EBCB612F67F72A00AD1A42 /* CAREXQForgeController.m */,
				F5EBCB632F67F73D00AD1A42 /* CAREXQSignalBoardController.h */,
				F5EBCB642F67F73D00AD1A42 /* CAREXQSignalBoardController.m */,
				F5EBCB662F67F74800AD1A42 /* CAREXQChannelController.h */,
				F5EBCB672F67F74800AD1A42 /* CAREXQChannelController.m */,
				F5EBCB692F67F75600AD1A42 /* CAREXQPersonaController.h */,
				F5EBCB6A2F67F75600AD1A42 /* CAREXQPersonaController.m */,
				F7A100032FA0000100A0B001 /* CAREXQVideoCallController.h */,
				F7A100022FA0000100A0B001 /* CAREXQVideoCallController.m */,
				F6A200082F90000200A0B001 /* CAREXQSignalHeaderView.h */,
				F6A200042F90000200A0B001 /* CAREXQSignalHeaderView.m */,
				F6A200092F90000200A0B001 /* CAREXQSignalMessageCell.h */,
				F6A200062F90000200A0B001 /* CAREXQSignalMessageCell.m */,
				F6A200072F90000200A0B001 /* CAREXQSignalUserCell.h */,
				F6A200022F90000200A0B001 /* CAREXQSignalUserCell.m */,
				F5EBCB6C2F67F77100AD1A42 /* CAREXQHarborController.h */,
				F5EBCB6D2F67F77100AD1A42 /* CAREXQHarborController.m */,
				F5EBCB6F2F67F77E00AD1A42 /* CAREXQControlController.h */,
				F5EBCB702F67F77E00AD1A42 /* CAREXQControlController.m */,
				F5EBCB722F67F78800AD1A42 /* CAREXQIdentityEditorController.h */,
				F5EBCB732F67F78800AD1A42 /* CAREXQIdentityEditorController.m */,
				F5EBCB752F67F79800AD1A42 /* CAREXQAccessCenterController.h */,
				F5EBCB762F67F79800AD1A42 /* CAREXQAccessCenterController.m */,
				2A1B00022F80000100001428 /* CAREXQSettingController.h */,
				2A1B00032F80000100001428 /* CAREXQSettingController.m */,
				2A1B00052F80000100001428 /* CAREXQAboutController.h */,
				2A1B00062F80000100001428 /* CAREXQAboutController.m */,
				F5EBCB7C2F67F7C500AD1A42 /* CAREXQEntryController.h */,
				F5EBCB7D2F67F7C500AD1A42 /* CAREXQEntryController.m */,
				F5EBCB402F67F5D200AD1A42 /* CMRPrivacyController.h */,
				F5EBCB412F67F5D200AD1A42 /* CMRPrivacyController.m */,
				F5EBCB432F67F5DD00AD1A42 /* CMRAgreementController.h */,
				F5EBCB442F67F5DD00AD1A42 /* CMRAgreementController.m */,
				F5EBCB152F67F4F800AD1A42 /* AppDelegate.h */,
				F5EBCB162F67F4F800AD1A42 /* AppDelegate.m */,
				F5EBCB182F67F4F800AD1A42 /* SceneDelegate.h */,
				F5EBCB192F67F4F800AD1A42 /* SceneDelegate.m */,
				F5EBCB212F67F4FC00AD1A42 /* Assets.xcassets */,
				F5EBCB232F67F4FC00AD1A42 /* LaunchScreen.storyboard */,
				F5EBCB262F67F4FC00AD1A42 /* Info.plist */,
				F5EBCB272F67F4FC00AD1A42 /* main.m */,
			);
			path = Carmie;
			sourceTree = "<group>";
		};
		F5EBCB822F67FBAC00AD1A42 /* CAREXQmage */ = {
			isa = PBXGroup;
			children = (
				199F6F462F97618800AA113A /* CAREXQImage.zip */,
			);
			path = CAREXQmage;
			sourceTree = "<group>";
		};
/* End PBXGroup section */

/* Begin PBXNativeTarget section */
		F5EBCB112F67F4F800AD1A42 /* Carmie */ = {
			isa = PBXNativeTarget;
			buildConfigurationList = F5EBCB2B2F67F4FC00AD1A42 /* Build configuration list for PBXNativeTarget "Carmie" */;
			buildPhases = (
				1DAA5DA79B2EFC292C033DB7 /* [CP] Check Pods Manifest.lock */,
				F5EBCB0E2F67F4F800AD1A42 /* Sources */,
				F5EBCB0F2F67F4F800AD1A42 /* Frameworks */,
				F5EBCB102F67F4F800AD1A42 /* Resources */,
				CD5C7F14E06CFE58E62CEB6F /* [CP] Embed Pods Frameworks */,
			);
			buildRules = (
			);
			dependencies = (
			);
			name = Carmie;
			productName = Carmie;
			productReference = F5EBCB122F67F4F800AD1A42 /* Carmie.app */;
			productType = "com.apple.product-type.application";
		};
/* End PBXNativeTarget section */

/* Begin PBXProject section */
		F5EBCB0A2F67F4F800AD1A42 /* Project object */ = {
			isa = PBXProject;
			attributes = {
				BuildIndependentTargetsInParallel = 1;
				LastUpgradeCheck = 1530;
				TargetAttributes = {
					F5EBCB112F67F4F800AD1A42 = {
						CreatedOnToolsVersion = 15.3;
					};
				};
			};
			buildConfigurationList = F5EBCB0D2F67F4F800AD1A42 /* Build configuration list for PBXProject "Carmie" */;
			compatibilityVersion = "Xcode 14.0";
			developmentRegion = en;
			hasScannedForEncodings = 0;
			knownRegions = (
				en,
				Base,
			);
			mainGroup = F5EBCB092F67F4F800AD1A42;
			productRefGroup = F5EBCB132F67F4F800AD1A42 /* Products */;
			projectDirPath = "";
			projectRoot = "";
			targets = (
				F5EBCB112F67F4F800AD1A42 /* Carmie */,
			);
		};
/* End PBXProject section */

/* Begin PBXResourcesBuildPhase section */
		F5EBCB102F67F4F800AD1A42 /* Resources */ = {
			isa = PBXResourcesBuildPhase;
			buildActionMask = 2147483647;
			files = (
				F5EBCB222F67F4FC00AD1A42 /* Assets.xcassets in Resources */,
				F5EBCB252F67F4FC00AD1A42 /* Base in Resources */,
				191F1E852F84EAA600A4397F /* crx_stage_4.mp4 in Resources */,
				191F1E862F84EAA600A4397F /* crx_stage_3.mp4 in Resources */,
				191F1E872F84EAA600A4397F /* crx_stage_6.mp4 in Resources */,
				191F1E882F84EAA600A4397F /* crx_stage_7.mp4 in Resources */,
				191F1E892F84EAA600A4397F /* crx_stage_2.mp4 in Resources */,
				191F1E8A2F84EAA600A4397F /* crx_stage_1.mp4 in Resources */,
				191F1E8B2F84EAA600A4397F /* crx_stage_8.mp4 in Resources */,
				191F1E8C2F84EAA600A4397F /* crx_stage_5.mp4 in Resources */,
				199F6F472F97618800AA113A /* CAREXQImage.zip in Resources */,
			);
			runOnlyForDeploymentPostprocessing = 0;
		};
/* End PBXResourcesBuildPhase section */

/* Begin PBXShellScriptBuildPhase section */
		1DAA5DA79B2EFC292C033DB7 /* [CP] Check Pods Manifest.lock */ = {
			isa = PBXShellScriptBuildPhase;
			buildActionMask = 2147483647;
			files = (
			);
			inputFileListPaths = (
			);
			inputPaths = (
				"${PODS_PODFILE_DIR_PATH}/Podfile.lock",
				"${PODS_ROOT}/Manifest.lock",
			);
			name = "[CP] Check Pods Manifest.lock";
			outputFileListPaths = (
			);
			outputPaths = (
				"$(DERIVED_FILE_DIR)/Pods-Carmie-checkManifestLockResult.txt",
			);
			runOnlyForDeploymentPostprocessing = 0;
			shellPath = /bin/sh;
			shellScript = "diff \"${PODS_PODFILE_DIR_PATH}/Podfile.lock\" \"${PODS_ROOT}/Manifest.lock\" > /dev/null\nif [ $? != 0 ] ; then\n    # print error to STDERR\n    echo \"error: The sandbox is not in sync with the Podfile.lock. Run 'pod install' or update your CocoaPods installation.\" >&2\n    exit 1\nfi\n# This output is used by Xcode 'outputs' to avoid re-running this script phase.\necho \"SUCCESS\" > \"${SCRIPT_OUTPUT_FILE_0}\"\n";
			showEnvVarsInLog = 0;
		};
		CD5C7F14E06CFE58E62CEB6F /* [CP] Embed Pods Frameworks */ = {
			isa = PBXShellScriptBuildPhase;
			buildActionMask = 2147483647;
			files = (
			);
			inputFileListPaths = (
			);
			inputPaths = (
			);
			name = "[CP] Embed Pods Frameworks";
			outputFileListPaths = (
			);
			outputPaths = (
			);
			runOnlyForDeploymentPostprocessing = 0;
			shellPath = /bin/sh;
			shellScript = "\"${PODS_ROOT}/Target Support Files/Pods-Carmie/Pods-Carmie-frameworks.sh\"\n";
			showEnvVarsInLog = 0;
		};
/* End PBXShellScriptBuildPhase section */

/* Begin PBXSourcesBuildPhase section */
		F5EBCB0E2F67F4F800AD1A42 /* Sources */ = {
			isa = PBXSourcesBuildPhase;
			buildActionMask = 2147483647;
			files = (
				F5EBCB362F67F58300AD1A42 /* CAREXQRouteManager.m in Sources */,
				F6A200052F90000200A0B001 /* CAREXQSignalMessageCell.m in Sources */,
				F5EBCB392F67F59400AD1A42 /* CAREXQTabBarController.m in Sources */,
				F5EBCB6E2F67F77100AD1A42 /* CAREXQHarborController.m in Sources */,
				F5EBCB682F67F74800AD1A42 /* CAREXQChannelController.m in Sources */,
				F5EBCB652F67F73D00AD1A42 /* CAREXQSignalBoardController.m in Sources */,
				F5EBCB7E2F67F7C500AD1A42 /* CAREXQEntryController.m in Sources */,
				F51BA1D92F68F2440003BD85 /* CAREXQStageCell.m in Sources */,
				F5EBCB172F67F4F800AD1A42 /* AppDelegate.m in Sources */,
				F5EBCB452F67F5DD00AD1A42 /* CMRAgreementController.m in Sources */,
				F5EBCB712F67F77E00AD1A42 /* CAREXQControlController.m in Sources */,
				F5EBCB592F67F6E500AD1A42 /* CAREXQBlueprintController.m in Sources */,
				F5EBCB5C2F67F70800AD1A42 /* CAREXQLoopBoardController.m in Sources */,
				F6A100052F90000100A0B001 /* CAREXQLoopMomentCell.m in Sources */,
				F51BA1D62F68F23A0003BD85 /* CAREXQStageView.m in Sources */,
				F5EBCB812F67F83500AD1A42 /* CAREXQNavController.m in Sources */,
				F5EBCB3C2F67F5A600AD1A42 /* CAREXQTabBar.m in Sources */,
				F5EBCB282F67F4FC00AD1A42 /* main.m in Sources */,
				F5EBCB3F2F67F5BB00AD1A42 /* CAREXQController.m in Sources */,
				199F6F4A2F97629900AA113A /* CAREXQImage.m in Sources */,
				F5EBCB422F67F5D200AD1A42 /* CMRPrivacyController.m in Sources */,
				F6A200032F90000200A0B001 /* CAREXQSignalHeaderView.m in Sources */,
				F5EBCB1A2F67F4F800AD1A42 /* SceneDelegate.m in Sources */,
				F5EBCB332F67F57B00AD1A42 /* CAREXQAppCoordinator.m in Sources */,
				F5EBCB562F67F6D800AD1A42 /* CAREXQStudioController.m in Sources */,
				F5EBCB742F67F78800AD1A42 /* CAREXQIdentityEditorController.m in Sources */,
				F5EBCB502F67F69800AD1A42 /* CAREXQStageController.m in Sources */,
				F6A100032F90000100A0B001 /* CAREXQLoopHeaderView.m in Sources */,
				F5EBCB5F2F67F71400AD1A42 /* CAREXQLoopDetailController.m in Sources */,
				F5EBCB6B2F67F75600AD1A42 /* CAREXQPersonaController.m in Sources */,
				F7A100012FA0000100A0B001 /* CAREXQVideoCallController.m in Sources */,
				F5EBCB532F67F6B200AD1A42 /* CAREXQFlowController.m in Sources */,
				2A1B000A2F91000100001428 /* CAREXQFlowResultController.m in Sources */,
				F5EBCB622F67F72A00AD1A42 /* CAREXQForgeController.m in Sources */,
				F6A200012F90000200A0B001 /* CAREXQSignalUserCell.m in Sources */,
				F6A100012F90000100A0B001 /* CAREXQLoopUserCell.m in Sources */,
				F5EBCB772F67F79800AD1A42 /* CAREXQAccessCenterController.m in Sources */,
				2A1B00012F80000100001428 /* CAREXQSettingController.m in Sources */,
				2A1B00042F80000100001428 /* CAREXQAboutController.m in Sources */,
				2A1B00072F80000100001428 /* CAREXQStagePlayerController.m in Sources */,
			);
			runOnlyForDeploymentPostprocessing = 0;
		};
/* End PBXSourcesBuildPhase section */

/* Begin PBXVariantGroup section */
		F5EBCB232F67F4FC00AD1A42 /* LaunchScreen.storyboard */ = {
			isa = PBXVariantGroup;
			children = (
				F5EBCB242F67F4FC00AD1A42 /* Base */,
			);
			name = LaunchScreen.storyboard;
			sourceTree = "<group>";
		};
/* End PBXVariantGroup section */

/* Begin XCBuildConfiguration section */
		F5EBCB292F67F4FC00AD1A42 /* Debug */ = {
			isa = XCBuildConfiguration;
			buildSettings = {
				ALWAYS_SEARCH_USER_PATHS = NO;
				ASSETCATALOG_COMPILER_GENERATE_SWIFT_ASSET_SYMBOL_EXTENSIONS = YES;
				CLANG_ANALYZER_NONNULL = YES;
				CLANG_ANALYZER_NUMBER_OBJECT_CONVERSION = YES_AGGRESSIVE;
				CLANG_CXX_LANGUAGE_STANDARD = "gnu++20";
				CLANG_ENABLE_MODULES = YES;
				CLANG_ENABLE_OBJC_ARC = YES;
				CLANG_ENABLE_OBJC_WEAK = YES;
				CLANG_WARN_BLOCK_CAPTURE_AUTORELEASING = YES;
				CLANG_WARN_BOOL_CONVERSION = YES;
				CLANG_WARN_COMMA = YES;
				CLANG_WARN_CONSTANT_CONVERSION = YES;
				CLANG_WARN_DEPRECATED_OBJC_IMPLEMENTATIONS = YES;
				CLANG_WARN_DIRECT_OBJC_ISA_USAGE = YES_ERROR;
				CLANG_WARN_DOCUMENTATION_COMMENTS = YES;
				CLANG_WARN_EMPTY_BODY = YES;
				CLANG_WARN_ENUM_CONVERSION = YES;
				CLANG_WARN_INFINITE_RECURSION = YES;
				CLANG_WARN_INT_CONVERSION = YES;
				CLANG_WARN_NON_LITERAL_NULL_CONVERSION = YES;
				CLANG_WARN_OBJC_IMPLICIT_RETAIN_SELF = YES;
				CLANG_WARN_OBJC_LITERAL_CONVERSION = YES;
				CLANG_WARN_OBJC_ROOT_CLASS = YES_ERROR;
				CLANG_WARN_QUOTED_INCLUDE_IN_FRAMEWORK_HEADER = YES;
				CLANG_WARN_RANGE_LOOP_ANALYSIS = YES;
				CLANG_WARN_STRICT_PROTOTYPES = YES;
				CLANG_WARN_SUSPICIOUS_MOVE = YES;
				CLANG_WARN_UNGUARDED_AVAILABILITY = YES_AGGRESSIVE;
				CLANG_WARN_UNREACHABLE_CODE = YES;
				CLANG_WARN__DUPLICATE_METHOD_MATCH = YES;
				COPY_PHASE_STRIP = NO;
				DEBUG_INFORMATION_FORMAT = dwarf;
				ENABLE_STRICT_OBJC_MSGSEND = YES;
				ENABLE_TESTABILITY = YES;
				ENABLE_USER_SCRIPT_SANDBOXING = NO;
				GCC_C_LANGUAGE_STANDARD = gnu17;
				GCC_DYNAMIC_NO_PIC = NO;
				GCC_NO_COMMON_BLOCKS = YES;
				GCC_OPTIMIZATION_LEVEL = 0;
				GCC_PREPROCESSOR_DEFINITIONS = (
					"DEBUG=1",
					"$(inherited)",
				);
				GCC_WARN_64_TO_32_BIT_CONVERSION = YES;
				GCC_WARN_ABOUT_RETURN_TYPE = YES_ERROR;
				GCC_WARN_UNDECLARED_SELECTOR = YES;
				GCC_WARN_UNINITIALIZED_AUTOS = YES_AGGRESSIVE;
				GCC_WARN_UNUSED_FUNCTION = YES;
				GCC_WARN_UNUSED_VARIABLE = YES;
				IPHONEOS_DEPLOYMENT_TARGET = 17.4;
				LOCALIZATION_PREFERS_STRING_CATALOGS = YES;
				MTL_ENABLE_DEBUG_INFO = INCLUDE_SOURCE;
				MTL_FAST_MATH = YES;
				ONLY_ACTIVE_ARCH = YES;
				SDKROOT = iphoneos;
			};
			name = Debug;
		};
		F5EBCB2A2F67F4FC00AD1A42 /* Release */ = {
			isa = XCBuildConfiguration;
			buildSettings = {
				ALWAYS_SEARCH_USER_PATHS = NO;
				ASSETCATALOG_COMPILER_GENERATE_SWIFT_ASSET_SYMBOL_EXTENSIONS = YES;
				CLANG_ANALYZER_NONNULL = YES;
				CLANG_ANALYZER_NUMBER_OBJECT_CONVERSION = YES_AGGRESSIVE;
				CLANG_CXX_LANGUAGE_STANDARD = "gnu++20";
				CLANG_ENABLE_MODULES = YES;
				CLANG_ENABLE_OBJC_ARC = YES;
				CLANG_ENABLE_OBJC_WEAK = YES;
				CLANG_WARN_BLOCK_CAPTURE_AUTORELEASING = YES;
				CLANG_WARN_BOOL_CONVERSION = YES;
				CLANG_WARN_COMMA = YES;
				CLANG_WARN_CONSTANT_CONVERSION = YES;
				CLANG_WARN_DEPRECATED_OBJC_IMPLEMENTATIONS = YES;
				CLANG_WARN_DIRECT_OBJC_ISA_USAGE = YES_ERROR;
				CLANG_WARN_DOCUMENTATION_COMMENTS = YES;
				CLANG_WARN_EMPTY_BODY = YES;
				CLANG_WARN_ENUM_CONVERSION = YES;
				CLANG_WARN_INFINITE_RECURSION = YES;
				CLANG_WARN_INT_CONVERSION = YES;
				CLANG_WARN_NON_LITERAL_NULL_CONVERSION = YES;
				CLANG_WARN_OBJC_IMPLICIT_RETAIN_SELF = YES;
				CLANG_WARN_OBJC_LITERAL_CONVERSION = YES;
				CLANG_WARN_OBJC_ROOT_CLASS = YES_ERROR;
				CLANG_WARN_QUOTED_INCLUDE_IN_FRAMEWORK_HEADER = YES;
				CLANG_WARN_RANGE_LOOP_ANALYSIS = YES;
				CLANG_WARN_STRICT_PROTOTYPES = YES;
				CLANG_WARN_SUSPICIOUS_MOVE = YES;
				CLANG_WARN_UNGUARDED_AVAILABILITY = YES_AGGRESSIVE;
				CLANG_WARN_UNREACHABLE_CODE = YES;
				CLANG_WARN__DUPLICATE_METHOD_MATCH = YES;
				COPY_PHASE_STRIP = NO;
				DEBUG_INFORMATION_FORMAT = "dwarf-with-dsym";
				ENABLE_NS_ASSERTIONS = NO;
				ENABLE_STRICT_OBJC_MSGSEND = YES;
				ENABLE_USER_SCRIPT_SANDBOXING = NO;
				GCC_C_LANGUAGE_STANDARD = gnu17;
				GCC_NO_COMMON_BLOCKS = YES;
				GCC_WARN_64_TO_32_BIT_CONVERSION = YES;
				GCC_WARN_ABOUT_RETURN_TYPE = YES_ERROR;
				GCC_WARN_UNDECLARED_SELECTOR = YES;
				GCC_WARN_UNINITIALIZED_AUTOS = YES_AGGRESSIVE;
				GCC_WARN_UNUSED_FUNCTION = YES;
				GCC_WARN_UNUSED_VARIABLE = YES;
				IPHONEOS_DEPLOYMENT_TARGET = 17.4;
				LOCALIZATION_PREFERS_STRING_CATALOGS = YES;
				MTL_ENABLE_DEBUG_INFO = NO;
				MTL_FAST_MATH = YES;
				SDKROOT = iphoneos;
				VALIDATE_PRODUCT = YES;
			};
			name = Release;
		};
		F5EBCB2C2F67F4FC00AD1A42 /* Debug */ = {
			isa = XCBuildConfiguration;
			baseConfigurationReference = 3928198A0808DE21757F7B98 /* Pods-Carmie.debug.xcconfig */;
			buildSettings = {
				ASSETCATALOG_COMPILER_APPICON_NAME = AppIcon;
				ASSETCATALOG_COMPILER_GLOBAL_ACCENT_COLOR_NAME = AccentColor;
				CODE_SIGN_STYLE = Automatic;
				CURRENT_PROJECT_VERSION = 1;
				GENERATE_INFOPLIST_FILE = YES;
				INFOPLIST_FILE = Carmie/Info.plist;
				INFOPLIST_KEY_CFBundleDisplayName = Carmie;
				INFOPLIST_KEY_UIApplicationSupportsIndirectInputEvents = YES;
				INFOPLIST_KEY_UILaunchStoryboardName = LaunchScreen;
				INFOPLIST_KEY_UISupportedInterfaceOrientations = UIInterfaceOrientationPortrait;
				INFOPLIST_KEY_UISupportedInterfaceOrientations_iPad = "UIInterfaceOrientationLandscapeLeft UIInterfaceOrientationLandscapeRight UIInterfaceOrientationPortrait UIInterfaceOrientationPortraitUpsideDown";
				IPHONEOS_DEPLOYMENT_TARGET = 15.0;
				LD_RUNPATH_SEARCH_PATHS = (
					"$(inherited)",
					"@executable_path/Frameworks",
				);
				MARKETING_VERSION = 1.0.0;
				PRODUCT_BUNDLE_IDENTIFIER = com.carmie.crx;
				PRODUCT_NAME = "$(TARGET_NAME)";
				SUPPORTED_PLATFORMS = "iphoneos iphonesimulator";
				SUPPORTS_MACCATALYST = NO;
				SUPPORTS_MAC_DESIGNED_FOR_IPHONE_IPAD = NO;
				SWIFT_EMIT_LOC_STRINGS = YES;
				TARGETED_DEVICE_FAMILY = 1;
			};
			name = Debug;
		};
		F5EBCB2D2F67F4FC00AD1A42 /* Release */ = {
			isa = XCBuildConfiguration;
			baseConfigurationReference = 139126CF8BCEBDC72CAD9EFF /* Pods-Carmie.release.xcconfig */;
			buildSettings = {
				ASSETCATALOG_COMPILER_APPICON_NAME = AppIcon;
				ASSETCATALOG_COMPILER_GLOBAL_ACCENT_COLOR_NAME = AccentColor;
				CODE_SIGN_STYLE = Automatic;
				CURRENT_PROJECT_VERSION = 1;
				GENERATE_INFOPLIST_FILE = YES;
				INFOPLIST_FILE = Carmie/Info.plist;
				INFOPLIST_KEY_CFBundleDisplayName = Carmie;
				INFOPLIST_KEY_UIApplicationSupportsIndirectInputEvents = YES;
				INFOPLIST_KEY_UILaunchStoryboardName = LaunchScreen;
				INFOPLIST_KEY_UISupportedInterfaceOrientations = UIInterfaceOrientationPortrait;
				INFOPLIST_KEY_UISupportedInterfaceOrientations_iPad = "UIInterfaceOrientationLandscapeLeft UIInterfaceOrientationLandscapeRight UIInterfaceOrientationPortrait UIInterfaceOrientationPortraitUpsideDown";
				IPHONEOS_DEPLOYMENT_TARGET = 15.0;
				LD_RUNPATH_SEARCH_PATHS = (
					"$(inherited)",
					"@executable_path/Frameworks",
				);
				MARKETING_VERSION = 1.0.0;
				PRODUCT_BUNDLE_IDENTIFIER = com.carmie.crx;
				PRODUCT_NAME = "$(TARGET_NAME)";
				SUPPORTED_PLATFORMS = "iphoneos iphonesimulator";
				SUPPORTS_MACCATALYST = NO;
				SUPPORTS_MAC_DESIGNED_FOR_IPHONE_IPAD = NO;
				SWIFT_EMIT_LOC_STRINGS = YES;
				TARGETED_DEVICE_FAMILY = 1;
			};
			name = Release;
		};
/* End XCBuildConfiguration section */

/* Begin XCConfigurationList section */
		F5EBCB0D2F67F4F800AD1A42 /* Build configuration list for PBXProject "Carmie" */ = {
			isa = XCConfigurationList;
			buildConfigurations = (
				F5EBCB292F67F4FC00AD1A42 /* Debug */,
				F5EBCB2A2F67F4FC00AD1A42 /* Release */,
			);
			defaultConfigurationIsVisible = 0;
			defaultConfigurationName = Release;
		};
		F5EBCB2B2F67F4FC00AD1A42 /* Build configuration list for PBXNativeTarget "Carmie" */ = {
			isa = XCConfigurationList;
			buildConfigurations = (
				F5EBCB2C2F67F4FC00AD1A42 /* Debug */,
				F5EBCB2D2F67F4FC00AD1A42 /* Release */,
			);
			defaultConfigurationIsVisible = 0;
			defaultConfigurationName = Release;
		};
/* End XCConfigurationList section */
	};
	rootObject = F5EBCB0A2F67F4F800AD1A42 /* Project object */;
}
